// !$*UTF8*$!
{
	archiveVersion = 1;
	classes = {
	};
	objectVersion = 55;
	objects = {

/* Begin PBXBuildFile section */
		24202EA228F846F900141CCB /* Experience.swift in Sources */ = {isa = PBXBuildFile; fileRef = 24202EA128F846F900141CCB /* Experience.swift */; };
		24202EA428F8471300141CCB /* Repository.swift in Sources */ = {isa = PBXBuildFile; fileRef = 24202EA328F8471300141CCB /* Repository.swift */; };
		24202EA828F847E100141CCB /* ExperienceAPI.swift in Sources */ = {isa = PBXBuildFile; fileRef = 24202EA728F847E100141CCB /* ExperienceAPI.swift */; };
		2424526F28FEE104006E8629 /* Sequence+Extension.swift in Sources */ = {isa = PBXBuildFile; fileRef = 2424526E28FEE104006E8629 /* Sequence+Extension.swift */; };
		2424527428FEE899006E8629 /* Encodable+Extension.swift in Sources */ = {isa = PBXBuildFile; fileRef = 2424527328FEE899006E8629 /* Encodable+Extension.swift */; };
		248FD9FF2913E167003DA666 /* WhyNotApp.swift in Sources */ = {isa = PBXBuildFile; fileRef = 8608FCD428F05AE1007FC0BA /* WhyNotApp.swift */; };
		24B18B1628FD757A00EC9A3D /* MementoAPI.swift in Sources */ = {isa = PBXBuildFile; fileRef = 24B18B1528FD757A00EC9A3D /* MementoAPI.swift */; };
		24B18B1828FD7BF400EC9A3D /* Memento.swift in Sources */ = {isa = PBXBuildFile; fileRef = 24B18B1728FD7BF400EC9A3D /* Memento.swift */; };
		27C0716F291438570076D6C4 /* Localizable.strings in Resources */ = {isa = PBXBuildFile; fileRef = 27C07171291438570076D6C4 /* Localizable.strings */; };
		24BE3E2F291002F400261E0A /* ExperiencesView.swift in Sources */ = {isa = PBXBuildFile; fileRef = 24BE3E2E291002F400261E0A /* ExperiencesView.swift */; };
		24BE3E31291012C600261E0A /* TabIcon.swift in Sources */ = {isa = PBXBuildFile; fileRef = 24BE3E30291012C600261E0A /* TabIcon.swift */; };
		24BE3E3529101A8A00261E0A /* SearchView.swift in Sources */ = {isa = PBXBuildFile; fileRef = 24BE3E3429101A8A00261E0A /* SearchView.swift */; };
		24BE3E3729101A9500261E0A /* ProfileView.swift in Sources */ = {isa = PBXBuildFile; fileRef = 24BE3E3629101A9500261E0A /* ProfileView.swift */; };
		24BE3E392911618B00261E0A /* TabBar.swift in Sources */ = {isa = PBXBuildFile; fileRef = 24BE3E382911618B00261E0A /* TabBar.swift */; };
		594A5FA82902CCBE00A1C10C /* User.swift in Sources */ = {isa = PBXBuildFile; fileRef = 594A5FA72902CCBE00A1C10C /* User.swift */; };
		594A5FAA2902CDB700A1C10C /* UserAPI.swift in Sources */ = {isa = PBXBuildFile; fileRef = 594A5FA92902CDB700A1C10C /* UserAPI.swift */; };
		59AC84A428F609BA00EB3A9A /* CRUDServices.swift in Sources */ = {isa = PBXBuildFile; fileRef = 59AC84A328F609BA00EB3A9A /* CRUDServices.swift */; };
		59B892CC28FD77DF0045EAA9 /* DocumentSnapshot+Extension.swift in Sources */ = {isa = PBXBuildFile; fileRef = 59B892CB28FD77DF0045EAA9 /* DocumentSnapshot+Extension.swift */; };
		59B892CE28FD7FB60045EAA9 /* ModelInterface.swift in Sources */ = {isa = PBXBuildFile; fileRef = 59B892CD28FD7FB60045EAA9 /* ModelInterface.swift */; };
		59E2D58F28FEDF22007A1503 /* .swiftlint.yml in Resources */ = {isa = PBXBuildFile; fileRef = 59E2D58E28FEDF22007A1503 /* .swiftlint.yml */; };
		86048452290FF2BD0055AF30 /* LoveYaLikeASisterSolid.ttf in Resources */ = {isa = PBXBuildFile; fileRef = 86048451290FF2BD0055AF30 /* LoveYaLikeASisterSolid.ttf */; };
		86048454290FF3D00055AF30 /* CustomFonts.swift in Sources */ = {isa = PBXBuildFile; fileRef = 86048453290FF3D00055AF30 /* CustomFonts.swift */; };
		86048456290FF4BB0055AF30 /* FontSize.swift in Sources */ = {isa = PBXBuildFile; fileRef = 86048455290FF4BB0055AF30 /* FontSize.swift */; };
		86048458290FFFD70055AF30 /* Space.swift in Sources */ = {isa = PBXBuildFile; fileRef = 86048457290FFFD70055AF30 /* Space.swift */; };
		8608FCD928F05AE3007FC0BA /* Assets.xcassets in Resources */ = {isa = PBXBuildFile; fileRef = 8608FCD828F05AE3007FC0BA /* Assets.xcassets */; };
		8608FCDC28F05AE3007FC0BA /* Preview Assets.xcassets in Resources */ = {isa = PBXBuildFile; fileRef = 8608FCDB28F05AE3007FC0BA /* Preview Assets.xcassets */; };
		8608FCE328F05BA4007FC0BA /* GoogleService-Info.plist in Resources */ = {isa = PBXBuildFile; fileRef = 8608FCE228F05BA4007FC0BA /* GoogleService-Info.plist */; };
		8608FCE628F05C96007FC0BA /* FirebaseFirestore in Frameworks */ = {isa = PBXBuildFile; productRef = 8608FCE528F05C96007FC0BA /* FirebaseFirestore */; };
		8608FCE828F05C96007FC0BA /* FirebaseStorage in Frameworks */ = {isa = PBXBuildFile; productRef = 8608FCE728F05C96007FC0BA /* FirebaseStorage */; };
		862BBBF2290F31370005C8D1 /* LoveYaLikeASister-Regular.ttf in Resources */ = {isa = PBXBuildFile; fileRef = 862BBBF1290F31370005C8D1 /* LoveYaLikeASister-Regular.ttf */; };
		862C53D32906AE7200068528 /* StorageServices.swift in Sources */ = {isa = PBXBuildFile; fileRef = 862C53D22906AE7200068528 /* StorageServices.swift */; };
		863A8F01290C10A0000DBA1B /* Colors.swift in Sources */ = {isa = PBXBuildFile; fileRef = 863A8F00290C10A0000DBA1B /* Colors.swift */; };
		86BA9D1129096A3800C1F330 /* ContentView.swift in Sources */ = {isa = PBXBuildFile; fileRef = 86BA9D1029096A3800C1F330 /* ContentView.swift */; };
		86DFFE4E28F44CD30075153A /* FirebaseDatabase in Frameworks */ = {isa = PBXBuildFile; productRef = 86DFFE4D28F44CD30075153A /* FirebaseDatabase */; };
		86DFFE5028F44CD30075153A /* FirebaseDatabaseSwift in Frameworks */ = {isa = PBXBuildFile; productRef = 86DFFE4F28F44CD30075153A /* FirebaseDatabaseSwift */; };
		86DFFE5228F44CD30075153A /* FirebaseFirestore in Frameworks */ = {isa = PBXBuildFile; productRef = 86DFFE5128F44CD30075153A /* FirebaseFirestore */; };
		86DFFE5428F44CD30075153A /* FirebaseFirestoreCombine-Community in Frameworks */ = {isa = PBXBuildFile; productRef = 86DFFE5328F44CD30075153A /* FirebaseFirestoreCombine-Community */; };
		86DFFE5628F44CD30075153A /* FirebaseFirestoreSwift in Frameworks */ = {isa = PBXBuildFile; productRef = 86DFFE5528F44CD30075153A /* FirebaseFirestoreSwift */; };
		86DFFE5828F44CD30075153A /* FirebaseInstallations in Frameworks */ = {isa = PBXBuildFile; productRef = 86DFFE5728F44CD30075153A /* FirebaseInstallations */; };
		86DFFE5A28F44CD30075153A /* FirebaseRemoteConfig in Frameworks */ = {isa = PBXBuildFile; productRef = 86DFFE5928F44CD30075153A /* FirebaseRemoteConfig */; };
		86DFFE5C28F44CD30075153A /* FirebaseRemoteConfigSwift in Frameworks */ = {isa = PBXBuildFile; productRef = 86DFFE5B28F44CD30075153A /* FirebaseRemoteConfigSwift */; };
		86DFFE5E28F44CD30075153A /* FirebaseStorage in Frameworks */ = {isa = PBXBuildFile; productRef = 86DFFE5D28F44CD30075153A /* FirebaseStorage */; };
		86DFFE6028F44CD30075153A /* FirebaseStorageCombine-Community in Frameworks */ = {isa = PBXBuildFile; productRef = 86DFFE5F28F44CD30075153A /* FirebaseStorageCombine-Community */; };
		D64727CD2913E922007B13ED /* WhyNotUnitTests.swift in Sources */ = {isa = PBXBuildFile; fileRef = D64727CC2913E922007B13ED /* WhyNotUnitTests.swift */; };
		D64727DA2913E93C007B13ED /* WhyNotUserInterfaceTests.swift in Sources */ = {isa = PBXBuildFile; fileRef = D64727D92913E93C007B13ED /* WhyNotUserInterfaceTests.swift */; };
		D64727DC2913E93C007B13ED /* WhyNotUserInterfaceTestsLaunchTests.swift in Sources */ = {isa = PBXBuildFile; fileRef = D64727DB2913E93C007B13ED /* WhyNotUserInterfaceTestsLaunchTests.swift */; };
		D6E24D6929114C6F0018C0C6 /* ExperienceType.swift in Sources */ = {isa = PBXBuildFile; fileRef = D6E24D6829114C6F0018C0C6 /* ExperienceType.swift */; };
		D6E24D6D29114CCF0018C0C6 /* CategoryIcon.swift in Sources */ = {isa = PBXBuildFile; fileRef = D6E24D6C29114CCF0018C0C6 /* CategoryIcon.swift */; };
/* End PBXBuildFile section */

/* Begin PBXContainerItemProxy section */
		D64727CE2913E922007B13ED /* PBXContainerItemProxy */ = {
			isa = PBXContainerItemProxy;
			containerPortal = 8608FCC928F05AE1007FC0BA /* Project object */;
			proxyType = 1;
			remoteGlobalIDString = 8608FCD028F05AE1007FC0BA;
			remoteInfo = WhyNot;
		};
		D64727DD2913E93C007B13ED /* PBXContainerItemProxy */ = {
			isa = PBXContainerItemProxy;
			containerPortal = 8608FCC928F05AE1007FC0BA /* Project object */;
			proxyType = 1;
			remoteGlobalIDString = 8608FCD028F05AE1007FC0BA;
			remoteInfo = WhyNot;
		};
/* End PBXContainerItemProxy section */

/* Begin PBXFileReference section */
		24202EA128F846F900141CCB /* Experience.swift */ = {isa = PBXFileReference; lastKnownFileType = sourcecode.swift; path = Experience.swift; sourceTree = "<group>"; };
		24202EA328F8471300141CCB /* Repository.swift */ = {isa = PBXFileReference; lastKnownFileType = sourcecode.swift; path = Repository.swift; sourceTree = "<group>"; };
		24202EA728F847E100141CCB /* ExperienceAPI.swift */ = {isa = PBXFileReference; lastKnownFileType = sourcecode.swift; path = ExperienceAPI.swift; sourceTree = "<group>"; };
		2424526E28FEE104006E8629 /* Sequence+Extension.swift */ = {isa = PBXFileReference; lastKnownFileType = sourcecode.swift; path = "Sequence+Extension.swift"; sourceTree = "<group>"; };
		2424527328FEE899006E8629 /* Encodable+Extension.swift */ = {isa = PBXFileReference; lastKnownFileType = sourcecode.swift; path = "Encodable+Extension.swift"; sourceTree = "<group>"; };
		24B18B1528FD757A00EC9A3D /* MementoAPI.swift */ = {isa = PBXFileReference; lastKnownFileType = sourcecode.swift; path = MementoAPI.swift; sourceTree = "<group>"; };
		24B18B1728FD7BF400EC9A3D /* Memento.swift */ = {isa = PBXFileReference; lastKnownFileType = sourcecode.swift; path = Memento.swift; sourceTree = "<group>"; };
		27C07170291438570076D6C4 /* en */ = {isa = PBXFileReference; lastKnownFileType = text.plist.strings; name = en; path = en.lproj/Localizable.strings; sourceTree = "<group>"; };
		27C071722914385E0076D6C4 /* pt-BR */ = {isa = PBXFileReference; lastKnownFileType = text.plist.strings; name = "pt-BR"; path = "pt-BR.lproj/Localizable.strings"; sourceTree = "<group>"; };
		27C071732914385F0076D6C4 /* ru */ = {isa = PBXFileReference; lastKnownFileType = text.plist.strings; name = ru; path = ru.lproj/Localizable.strings; sourceTree = "<group>"; };
		24BE3E2E291002F400261E0A /* ExperiencesView.swift */ = {isa = PBXFileReference; lastKnownFileType = sourcecode.swift; path = ExperiencesView.swift; sourceTree = "<group>"; };
		24BE3E30291012C600261E0A /* TabIcon.swift */ = {isa = PBXFileReference; lastKnownFileType = sourcecode.swift; path = TabIcon.swift; sourceTree = "<group>"; };
		24BE3E3429101A8A00261E0A /* SearchView.swift */ = {isa = PBXFileReference; lastKnownFileType = sourcecode.swift; path = SearchView.swift; sourceTree = "<group>"; };
		24BE3E3629101A9500261E0A /* ProfileView.swift */ = {isa = PBXFileReference; lastKnownFileType = sourcecode.swift; path = ProfileView.swift; sourceTree = "<group>"; };
		24BE3E382911618B00261E0A /* TabBar.swift */ = {isa = PBXFileReference; lastKnownFileType = sourcecode.swift; path = TabBar.swift; sourceTree = "<group>"; };
		594A5FA72902CCBE00A1C10C /* User.swift */ = {isa = PBXFileReference; lastKnownFileType = sourcecode.swift; path = User.swift; sourceTree = "<group>"; };
		594A5FA92902CDB700A1C10C /* UserAPI.swift */ = {isa = PBXFileReference; lastKnownFileType = sourcecode.swift; path = UserAPI.swift; sourceTree = "<group>"; };
		59AC84A328F609BA00EB3A9A /* CRUDServices.swift */ = {isa = PBXFileReference; lastKnownFileType = sourcecode.swift; path = CRUDServices.swift; sourceTree = "<group>"; };
		59B892CB28FD77DF0045EAA9 /* DocumentSnapshot+Extension.swift */ = {isa = PBXFileReference; lastKnownFileType = sourcecode.swift; path = "DocumentSnapshot+Extension.swift"; sourceTree = "<group>"; };
		59B892CD28FD7FB60045EAA9 /* ModelInterface.swift */ = {isa = PBXFileReference; lastKnownFileType = sourcecode.swift; path = ModelInterface.swift; sourceTree = "<group>"; };
		59E2D58E28FEDF22007A1503 /* .swiftlint.yml */ = {isa = PBXFileReference; lastKnownFileType = text.yaml; path = .swiftlint.yml; sourceTree = "<group>"; };
		86048451290FF2BD0055AF30 /* LoveYaLikeASisterSolid.ttf */ = {isa = PBXFileReference; lastKnownFileType = file; path = LoveYaLikeASisterSolid.ttf; sourceTree = "<group>"; };
		86048453290FF3D00055AF30 /* CustomFonts.swift */ = {isa = PBXFileReference; lastKnownFileType = sourcecode.swift; path = CustomFonts.swift; sourceTree = "<group>"; };
		86048455290FF4BB0055AF30 /* FontSize.swift */ = {isa = PBXFileReference; lastKnownFileType = sourcecode.swift; path = FontSize.swift; sourceTree = "<group>"; };
		86048457290FFFD70055AF30 /* Space.swift */ = {isa = PBXFileReference; lastKnownFileType = sourcecode.swift; path = Space.swift; sourceTree = "<group>"; };
		8608FCD128F05AE1007FC0BA /* WhyNot.app */ = {isa = PBXFileReference; explicitFileType = wrapper.application; includeInIndex = 0; path = WhyNot.app; sourceTree = BUILT_PRODUCTS_DIR; };
		8608FCD428F05AE1007FC0BA /* WhyNotApp.swift */ = {isa = PBXFileReference; lastKnownFileType = sourcecode.swift; path = WhyNotApp.swift; sourceTree = "<group>"; };
		8608FCD828F05AE3007FC0BA /* Assets.xcassets */ = {isa = PBXFileReference; lastKnownFileType = folder.assetcatalog; path = Assets.xcassets; sourceTree = "<group>"; };
		8608FCDB28F05AE3007FC0BA /* Preview Assets.xcassets */ = {isa = PBXFileReference; lastKnownFileType = folder.assetcatalog; path = "Preview Assets.xcassets"; sourceTree = "<group>"; };
		8608FCE228F05BA4007FC0BA /* GoogleService-Info.plist */ = {isa = PBXFileReference; fileEncoding = 4; lastKnownFileType = text.plist.xml; path = "GoogleService-Info.plist"; sourceTree = "<group>"; };
		862BBBF1290F31370005C8D1 /* LoveYaLikeASister-Regular.ttf */ = {isa = PBXFileReference; lastKnownFileType = file; path = "LoveYaLikeASister-Regular.ttf"; sourceTree = "<group>"; };
		862BBBF3290F31D30005C8D1 /* Info.plist */ = {isa = PBXFileReference; lastKnownFileType = text.plist; path = Info.plist; sourceTree = "<group>"; };
		862C53D22906AE7200068528 /* StorageServices.swift */ = {isa = PBXFileReference; lastKnownFileType = sourcecode.swift; path = StorageServices.swift; sourceTree = "<group>"; };
		863A8F00290C10A0000DBA1B /* Colors.swift */ = {isa = PBXFileReference; lastKnownFileType = sourcecode.swift; path = Colors.swift; sourceTree = "<group>"; };
		86BA9D1029096A3800C1F330 /* ContentView.swift */ = {isa = PBXFileReference; lastKnownFileType = sourcecode.swift; path = ContentView.swift; sourceTree = "<group>"; };
		D64727CA2913E922007B13ED /* WhyNotUnitTests.xctest */ = {isa = PBXFileReference; explicitFileType = wrapper.cfbundle; includeInIndex = 0; path = WhyNotUnitTests.xctest; sourceTree = BUILT_PRODUCTS_DIR; };
		D64727CC2913E922007B13ED /* WhyNotUnitTests.swift */ = {isa = PBXFileReference; lastKnownFileType = sourcecode.swift; path = WhyNotUnitTests.swift; sourceTree = "<group>"; };
		D64727D72913E93C007B13ED /* WhyNotUserInterfaceTests.xctest */ = {isa = PBXFileReference; explicitFileType = wrapper.cfbundle; includeInIndex = 0; path = WhyNotUserInterfaceTests.xctest; sourceTree = BUILT_PRODUCTS_DIR; };
		D64727D92913E93C007B13ED /* WhyNotUserInterfaceTests.swift */ = {isa = PBXFileReference; lastKnownFileType = sourcecode.swift; path = WhyNotUserInterfaceTests.swift; sourceTree = "<group>"; };
		D64727DB2913E93C007B13ED /* WhyNotUserInterfaceTestsLaunchTests.swift */ = {isa = PBXFileReference; lastKnownFileType = sourcecode.swift; path = WhyNotUserInterfaceTestsLaunchTests.swift; sourceTree = "<group>"; };
		D6E24D6829114C6F0018C0C6 /* ExperienceType.swift */ = {isa = PBXFileReference; lastKnownFileType = sourcecode.swift; path = ExperienceType.swift; sourceTree = "<group>"; };
		D6E24D6C29114CCF0018C0C6 /* CategoryIcon.swift */ = {isa = PBXFileReference; lastKnownFileType = sourcecode.swift; path = CategoryIcon.swift; sourceTree = "<group>"; };
/* End PBXFileReference section */

/* Begin PBXFrameworksBuildPhase section */
		8608FCCE28F05AE1007FC0BA /* Frameworks */ = {
			isa = PBXFrameworksBuildPhase;
			buildActionMask = 2147483647;
			files = (
				86DFFE5A28F44CD30075153A /* FirebaseRemoteConfig in Frameworks */,
				86DFFE5028F44CD30075153A /* FirebaseDatabaseSwift in Frameworks */,
				86DFFE4E28F44CD30075153A /* FirebaseDatabase in Frameworks */,
				8608FCE628F05C96007FC0BA /* FirebaseFirestore in Frameworks */,
				86DFFE5828F44CD30075153A /* FirebaseInstallations in Frameworks */,
				86DFFE5628F44CD30075153A /* FirebaseFirestoreSwift in Frameworks */,
				86DFFE5428F44CD30075153A /* FirebaseFirestoreCombine-Community in Frameworks */,
				86DFFE5C28F44CD30075153A /* FirebaseRemoteConfigSwift in Frameworks */,
				86DFFE5E28F44CD30075153A /* FirebaseStorage in Frameworks */,
				86DFFE5228F44CD30075153A /* FirebaseFirestore in Frameworks */,
				86DFFE6028F44CD30075153A /* FirebaseStorageCombine-Community in Frameworks */,
				8608FCE828F05C96007FC0BA /* FirebaseStorage in Frameworks */,
			);
			runOnlyForDeploymentPostprocessing = 0;
		};
		D64727C72913E922007B13ED /* Frameworks */ = {
			isa = PBXFrameworksBuildPhase;
			buildActionMask = 2147483647;
			files = (
			);
			runOnlyForDeploymentPostprocessing = 0;
		};
		D64727D42913E93C007B13ED /* Frameworks */ = {
			isa = PBXFrameworksBuildPhase;
			buildActionMask = 2147483647;
			files = (
			);
			runOnlyForDeploymentPostprocessing = 0;
		};
/* End PBXFrameworksBuildPhase section */

/* Begin PBXGroup section */
		24202E9F28F846CB00141CCB /* data */ = {
			isa = PBXGroup;
			children = (
				D6E24D6729114C540018C0C6 /* Enums */,
				24202EA528F847B300141CCB /* remoteDatabase */,
				24202EA028F846E100141CCB /* model */,
				24202EA328F8471300141CCB /* Repository.swift */,
			);
			path = data;
			sourceTree = "<group>";
		};
		24202EA028F846E100141CCB /* model */ = {
			isa = PBXGroup;
			children = (
				24202EA128F846F900141CCB /* Experience.swift */,
				24B18B1728FD7BF400EC9A3D /* Memento.swift */,
				59B892CD28FD7FB60045EAA9 /* ModelInterface.swift */,
				594A5FA72902CCBE00A1C10C /* User.swift */,
			);
			path = model;
			sourceTree = "<group>";
		};
		24202EA528F847B300141CCB /* remoteDatabase */ = {
			isa = PBXGroup;
			children = (
				59AC84A328F609BA00EB3A9A /* CRUDServices.swift */,
				862C53D22906AE7200068528 /* StorageServices.swift */,
				24202EA628F847D100141CCB /* API */,
			);
			path = remoteDatabase;
			sourceTree = "<group>";
		};
		24202EA628F847D100141CCB /* API */ = {
			isa = PBXGroup;
			children = (
				24202EA728F847E100141CCB /* ExperienceAPI.swift */,
				24B18B1528FD757A00EC9A3D /* MementoAPI.swift */,
				594A5FA92902CDB700A1C10C /* UserAPI.swift */,
			);
			path = API;
			sourceTree = "<group>";
		};
		2424527228FEE50C006E8629 /* Extension */ = {
			isa = PBXGroup;
			children = (
				59B892CB28FD77DF0045EAA9 /* DocumentSnapshot+Extension.swift */,
				2424526E28FEE104006E8629 /* Sequence+Extension.swift */,
				2424527328FEE899006E8629 /* Encodable+Extension.swift */,
			);
			path = Extension;
			sourceTree = "<group>";
		};
		24BE3E2C291002B200261E0A /* Scenes */ = {
			isa = PBXGroup;
			children = (
				24BE3E3329101A7E00261E0A /* Search */,
				24BE3E3229101A7900261E0A /* Profile */,
				24BE3E2D291002CC00261E0A /* Experiences */,
			);
			path = Scenes;
			sourceTree = "<group>";
		};
		24BE3E2D291002CC00261E0A /* Experiences */ = {
			isa = PBXGroup;
			children = (
				24BE3E2E291002F400261E0A /* ExperiencesView.swift */,
			);
			path = Experiences;
			sourceTree = "<group>";
		};
		24BE3E3229101A7900261E0A /* Profile */ = {
			isa = PBXGroup;
			children = (
				24BE3E3629101A9500261E0A /* ProfileView.swift */,
			);
			path = Profile;
			sourceTree = "<group>";
		};
		24BE3E3329101A7E00261E0A /* Search */ = {
			isa = PBXGroup;
			children = (
				24BE3E3429101A8A00261E0A /* SearchView.swift */,
			);
			path = Search;
			sourceTree = "<group>";
		};
		8608FCC828F05AE1007FC0BA = {
			isa = PBXGroup;
			children = (
				59E2D58E28FEDF22007A1503 /* .swiftlint.yml */,
				8608FCD328F05AE1007FC0BA /* WhyNot */,
				D64727CB2913E922007B13ED /* WhyNotUnitTests */,
				D64727D82913E93C007B13ED /* WhyNotUserInterfaceTests */,
				8608FCD228F05AE1007FC0BA /* Products */,
			);
			sourceTree = "<group>";
		};
		8608FCD228F05AE1007FC0BA /* Products */ = {
			isa = PBXGroup;
			children = (
				8608FCD128F05AE1007FC0BA /* WhyNot.app */,
				D64727CA2913E922007B13ED /* WhyNotUnitTests.xctest */,
				D64727D72913E93C007B13ED /* WhyNotUserInterfaceTests.xctest */,
			);
			name = Products;
			sourceTree = "<group>";
		};
		8608FCD328F05AE1007FC0BA /* WhyNot */ = {
			isa = PBXGroup;
			children = (
				24BE3E2C291002B200261E0A /* Scenes */,
				D6E766C329114A7A000D940F /* Components */,
				862BBBF3290F31D30005C8D1 /* Info.plist */,
				863A8EFF290C0060000DBA1B /* DesignSystem */,
				2424527228FEE50C006E8629 /* Extension */,
				24202E9F28F846CB00141CCB /* data */,
				8608FCDA28F05AE3007FC0BA /* Preview Content */,
				86BA9D1029096A3800C1F330 /* ContentView.swift */,
				8608FCD428F05AE1007FC0BA /* WhyNotApp.swift */,
				24BE3E382911618B00261E0A /* TabBar.swift */,
				8608FCD828F05AE3007FC0BA /* Assets.xcassets */,
				862BBBF3290F31D30005C8D1 /* Info.plist */,
				8608FCE228F05BA4007FC0BA /* GoogleService-Info.plist */,
			);
			path = WhyNot;
			sourceTree = "<group>";
		};
		8608FCDA28F05AE3007FC0BA /* Preview Content */ = {
			isa = PBXGroup;
			children = (
				8608FCDB28F05AE3007FC0BA /* Preview Assets.xcassets */,
			);
			path = "Preview Content";
			sourceTree = "<group>";
		};
		862BBBF0290F311E0005C8D1 /* Fonts */ = {
			isa = PBXGroup;
			children = (
				86048451290FF2BD0055AF30 /* LoveYaLikeASisterSolid.ttf */,
				862BBBF1290F31370005C8D1 /* LoveYaLikeASister-Regular.ttf */,
				86048453290FF3D00055AF30 /* CustomFonts.swift */,
				86048455290FF4BB0055AF30 /* FontSize.swift */,
			);
			path = Fonts;
			sourceTree = "<group>";
		};
		863A8EFF290C0060000DBA1B /* DesignSystem */ = {
			isa = PBXGroup;
			children = (
				862BBBF0290F311E0005C8D1 /* Fonts */,
				863A8F00290C10A0000DBA1B /* Colors.swift */,
				86048457290FFFD70055AF30 /* Space.swift */,
				27C07171291438570076D6C4 /* Localizable.strings */,
				24BE3E30291012C600261E0A /* TabIcon.swift */,
			);
			path = DesignSystem;
			sourceTree = "<group>";
		};
		D64727CB2913E922007B13ED /* WhyNotUnitTests */ = {
			isa = PBXGroup;
			children = (
				D64727CC2913E922007B13ED /* WhyNotUnitTests.swift */,
			);
			path = WhyNotUnitTests;
			sourceTree = "<group>";
		};
		D64727D82913E93C007B13ED /* WhyNotUserInterfaceTests */ = {
			isa = PBXGroup;
			children = (
				D64727D92913E93C007B13ED /* WhyNotUserInterfaceTests.swift */,
				D64727DB2913E93C007B13ED /* WhyNotUserInterfaceTestsLaunchTests.swift */,
			);
			path = WhyNotUserInterfaceTests;
			sourceTree = "<group>";
		};
		D6E24D6729114C540018C0C6 /* Enums */ = {
			isa = PBXGroup;
			children = (
				D6E24D6829114C6F0018C0C6 /* ExperienceType.swift */,
			);
			path = Enums;
			sourceTree = "<group>";
		};
		D6E766C329114A7A000D940F /* Components */ = {
			isa = PBXGroup;
			children = (
				D6E24D6C29114CCF0018C0C6 /* CategoryIcon.swift */,
			);
			path = Components;
			sourceTree = "<group>";
		};
/* End PBXGroup section */

/* Begin PBXNativeTarget section */
		8608FCD028F05AE1007FC0BA /* WhyNot */ = {
			isa = PBXNativeTarget;
			buildConfigurationList = 8608FCDF28F05AE3007FC0BA /* Build configuration list for PBXNativeTarget "WhyNot" */;
			buildPhases = (
				8608FCCD28F05AE1007FC0BA /* Sources */,
				8608FCCE28F05AE1007FC0BA /* Frameworks */,
				8608FCCF28F05AE1007FC0BA /* Resources */,
				59E2D58D28FEDEE4007A1503 /* ShellScript */,
			);
			buildRules = (
			);
			dependencies = (
			);
			name = WhyNot;
			packageProductDependencies = (
				8608FCE528F05C96007FC0BA /* FirebaseFirestore */,
				8608FCE728F05C96007FC0BA /* FirebaseStorage */,
				86DFFE4D28F44CD30075153A /* FirebaseDatabase */,
				86DFFE4F28F44CD30075153A /* FirebaseDatabaseSwift */,
				86DFFE5128F44CD30075153A /* FirebaseFirestore */,
				86DFFE5328F44CD30075153A /* FirebaseFirestoreCombine-Community */,
				86DFFE5528F44CD30075153A /* FirebaseFirestoreSwift */,
				86DFFE5728F44CD30075153A /* FirebaseInstallations */,
				86DFFE5928F44CD30075153A /* FirebaseRemoteConfig */,
				86DFFE5B28F44CD30075153A /* FirebaseRemoteConfigSwift */,
				86DFFE5D28F44CD30075153A /* FirebaseStorage */,
				86DFFE5F28F44CD30075153A /* FirebaseStorageCombine-Community */,
			);
			productName = WhyNot;
			productReference = 8608FCD128F05AE1007FC0BA /* WhyNot.app */;
			productType = "com.apple.product-type.application";
		};
		D64727C92913E922007B13ED /* WhyNotUnitTests */ = {
			isa = PBXNativeTarget;
			buildConfigurationList = D64727D22913E922007B13ED /* Build configuration list for PBXNativeTarget "WhyNotUnitTests" */;
			buildPhases = (
				D64727C62913E922007B13ED /* Sources */,
				D64727C72913E922007B13ED /* Frameworks */,
				D64727C82913E922007B13ED /* Resources */,
			);
			buildRules = (
			);
			dependencies = (
				D64727CF2913E922007B13ED /* PBXTargetDependency */,
			);
			name = WhyNotUnitTests;
			productName = WhyNotUnitTests;
			productReference = D64727CA2913E922007B13ED /* WhyNotUnitTests.xctest */;
			productType = "com.apple.product-type.bundle.unit-test";
		};
		D64727D62913E93C007B13ED /* WhyNotUserInterfaceTests */ = {
			isa = PBXNativeTarget;
			buildConfigurationList = D64727DF2913E93C007B13ED /* Build configuration list for PBXNativeTarget "WhyNotUserInterfaceTests" */;
			buildPhases = (
				D64727D32913E93C007B13ED /* Sources */,
				D64727D42913E93C007B13ED /* Frameworks */,
				D64727D52913E93C007B13ED /* Resources */,
			);
			buildRules = (
			);
			dependencies = (
				D64727DE2913E93C007B13ED /* PBXTargetDependency */,
			);
			name = WhyNotUserInterfaceTests;
			productName = WhyNotUserInterfaceTests;
			productReference = D64727D72913E93C007B13ED /* WhyNotUserInterfaceTests.xctest */;
			productType = "com.apple.product-type.bundle.ui-testing";
		};
/* End PBXNativeTarget section */

/* Begin PBXProject section */
		8608FCC928F05AE1007FC0BA /* Project object */ = {
			isa = PBXProject;
			attributes = {
				BuildIndependentTargetsInParallel = 1;
				LastSwiftUpdateCheck = 1400;
				LastUpgradeCheck = 1330;
				TargetAttributes = {
					8608FCD028F05AE1007FC0BA = {
						CreatedOnToolsVersion = 13.3.1;
					};
					D64727C92913E922007B13ED = {
						CreatedOnToolsVersion = 14.0.1;
						TestTargetID = 8608FCD028F05AE1007FC0BA;
					};
					D64727D62913E93C007B13ED = {
						CreatedOnToolsVersion = 14.0.1;
						TestTargetID = 8608FCD028F05AE1007FC0BA;
					};
				};
			};
			buildConfigurationList = 8608FCCC28F05AE1007FC0BA /* Build configuration list for PBXProject "WhyNot" */;
			compatibilityVersion = "Xcode 13.0";
			developmentRegion = en;
			hasScannedForEncodings = 0;
			knownRegions = (
				en,
				Base,
				"pt-BR",
				ru,
			);
			mainGroup = 8608FCC828F05AE1007FC0BA;
			packageReferences = (
				8608FCE428F05C96007FC0BA /* XCRemoteSwiftPackageReference "firebase-ios-sdk" */,
				86DFFE4C28F44CD30075153A /* XCRemoteSwiftPackageReference "firebase-ios-sdk" */,
			);
			productRefGroup = 8608FCD228F05AE1007FC0BA /* Products */;
			projectDirPath = "";
			projectRoot = "";
			targets = (
				8608FCD028F05AE1007FC0BA /* WhyNot */,
				D64727C92913E922007B13ED /* WhyNotUnitTests */,
				D64727D62913E93C007B13ED /* WhyNotUserInterfaceTests */,
			);
		};
/* End PBXProject section */

/* Begin PBXResourcesBuildPhase section */
		8608FCCF28F05AE1007FC0BA /* Resources */ = {
			isa = PBXResourcesBuildPhase;
			buildActionMask = 2147483647;
			files = (
				862BBBF2290F31370005C8D1 /* LoveYaLikeASister-Regular.ttf in Resources */,
				59E2D58F28FEDF22007A1503 /* .swiftlint.yml in Resources */,
				8608FCDC28F05AE3007FC0BA /* Preview Assets.xcassets in Resources */,
				27C0716F291438570076D6C4 /* Localizable.strings in Resources */,
				86048452290FF2BD0055AF30 /* LoveYaLikeASisterSolid.ttf in Resources */,
				8608FCD928F05AE3007FC0BA /* Assets.xcassets in Resources */,
				8608FCE328F05BA4007FC0BA /* GoogleService-Info.plist in Resources */,
			);
			runOnlyForDeploymentPostprocessing = 0;
		};
		D64727C82913E922007B13ED /* Resources */ = {
			isa = PBXResourcesBuildPhase;
			buildActionMask = 2147483647;
			files = (
			);
			runOnlyForDeploymentPostprocessing = 0;
		};
		D64727D52913E93C007B13ED /* Resources */ = {
			isa = PBXResourcesBuildPhase;
			buildActionMask = 2147483647;
			files = (
			);
			runOnlyForDeploymentPostprocessing = 0;
		};
/* End PBXResourcesBuildPhase section */

/* Begin PBXShellScriptBuildPhase section */
		59E2D58D28FEDEE4007A1503 /* ShellScript */ = {
			isa = PBXShellScriptBuildPhase;
			buildActionMask = 2147483647;
			files = (
			);
			inputFileListPaths = (
			);
			inputPaths = (
			);
			outputFileListPaths = (
			);
			outputPaths = (
			);
			runOnlyForDeploymentPostprocessing = 0;
			shellPath = /bin/sh;
			shellScript = "# Type a script or drag a script file from your workspace to insert its path.\nexport PATH=\"$PATH:/opt/homebrew/bin\"\nif which swiftlint > /dev/null; then\n  swiftlint\nelse\n  echo \"warning: SwiftLint not installed, download from https://github.com/realm/SwiftLint\"\nfi\n";
		};
/* End PBXShellScriptBuildPhase section */

/* Begin PBXSourcesBuildPhase section */
		8608FCCD28F05AE1007FC0BA /* Sources */ = {
			isa = PBXSourcesBuildPhase;
			buildActionMask = 2147483647;
			files = (
				248FD9FF2913E167003DA666 /* WhyNotApp.swift in Sources */,
				D6E24D6D29114CCF0018C0C6 /* CategoryIcon.swift in Sources */,
				594A5FA82902CCBE00A1C10C /* User.swift in Sources */,
				24202EA228F846F900141CCB /* Experience.swift in Sources */,
				86048456290FF4BB0055AF30 /* FontSize.swift in Sources */,
				86BA9D1129096A3800C1F330 /* ContentView.swift in Sources */,
				86048454290FF3D00055AF30 /* CustomFonts.swift in Sources */,
				863A8F01290C10A0000DBA1B /* Colors.swift in Sources */,
				24202EA828F847E100141CCB /* ExperienceAPI.swift in Sources */,
				24BE3E2F291002F400261E0A /* ExperiencesView.swift in Sources */,
				24B18B1628FD757A00EC9A3D /* MementoAPI.swift in Sources */,
				2424526F28FEE104006E8629 /* Sequence+Extension.swift in Sources */,
				86048458290FFFD70055AF30 /* Space.swift in Sources */,
				24BE3E31291012C600261E0A /* TabIcon.swift in Sources */,
				24BE3E3529101A8A00261E0A /* SearchView.swift in Sources */,
				D6E24D6929114C6F0018C0C6 /* ExperienceType.swift in Sources */,
				862C53D32906AE7200068528 /* StorageServices.swift in Sources */,
				59B892CC28FD77DF0045EAA9 /* DocumentSnapshot+Extension.swift in Sources */,
				24BE3E3729101A9500261E0A /* ProfileView.swift in Sources */,
				24B18B1828FD7BF400EC9A3D /* Memento.swift in Sources */,
				24202EA428F8471300141CCB /* Repository.swift in Sources */,
				24BE3E392911618B00261E0A /* TabBar.swift in Sources */,
				2424527428FEE899006E8629 /* Encodable+Extension.swift in Sources */,
				59AC84A428F609BA00EB3A9A /* CRUDServices.swift in Sources */,
				59B892CE28FD7FB60045EAA9 /* ModelInterface.swift in Sources */,
				594A5FAA2902CDB700A1C10C /* UserAPI.swift in Sources */,
			);
			runOnlyForDeploymentPostprocessing = 0;
		};
		D64727C62913E922007B13ED /* Sources */ = {
			isa = PBXSourcesBuildPhase;
			buildActionMask = 2147483647;
			files = (
				D64727CD2913E922007B13ED /* WhyNotUnitTests.swift in Sources */,
			);
			runOnlyForDeploymentPostprocessing = 0;
		};
		D64727D32913E93C007B13ED /* Sources */ = {
			isa = PBXSourcesBuildPhase;
			buildActionMask = 2147483647;
			files = (
				D64727DC2913E93C007B13ED /* WhyNotUserInterfaceTestsLaunchTests.swift in Sources */,
				D64727DA2913E93C007B13ED /* WhyNotUserInterfaceTests.swift in Sources */,
			);
			runOnlyForDeploymentPostprocessing = 0;
		};
/* End PBXSourcesBuildPhase section */

/* Begin PBXVariantGroup section */
		27C07171291438570076D6C4 /* Localizable.strings */ = {
			isa = PBXVariantGroup;
			children = (
				27C07170291438570076D6C4 /* en */,
				27C071722914385E0076D6C4 /* pt-BR */,
				27C071732914385F0076D6C4 /* ru */,
			);
			name = Localizable.strings;
			sourceTree = "<group>";
		};
/* End PBXVariantGroup section */

/* Begin XCBuildConfiguration section */
		8608FCDD28F05AE3007FC0BA /* Debug */ = {
			isa = XCBuildConfiguration;
			buildSettings = {
				ALWAYS_SEARCH_USER_PATHS = NO;
				CLANG_ANALYZER_NONNULL = YES;
				CLANG_ANALYZER_NUMBER_OBJECT_CONVERSION = YES_AGGRESSIVE;
				CLANG_CXX_LANGUAGE_STANDARD = "gnu++17";
				CLANG_ENABLE_MODULES = YES;
				CLANG_ENABLE_OBJC_ARC = YES;
				CLANG_ENABLE_OBJC_WEAK = YES;
				CLANG_WARN_BLOCK_CAPTURE_AUTORELEASING = YES;
				CLANG_WARN_BOOL_CONVERSION = YES;
				CLANG_WARN_COMMA = YES;
				CLANG_WARN_CONSTANT_CONVERSION = YES;
				CLANG_WARN_DEPRECATED_OBJC_IMPLEMENTATIONS = YES;
				CLANG_WARN_DIRECT_OBJC_ISA_USAGE = YES_ERROR;
				CLANG_WARN_DOCUMENTATION_COMMENTS = YES;
				CLANG_WARN_EMPTY_BODY = YES;
				CLANG_WARN_ENUM_CONVERSION = YES;
				CLANG_WARN_INFINITE_RECURSION = YES;
				CLANG_WARN_INT_CONVERSION = YES;
				CLANG_WARN_NON_LITERAL_NULL_CONVERSION = YES;
				CLANG_WARN_OBJC_IMPLICIT_RETAIN_SELF = YES;
				CLANG_WARN_OBJC_LITERAL_CONVERSION = YES;
				CLANG_WARN_OBJC_ROOT_CLASS = YES_ERROR;
				CLANG_WARN_QUOTED_INCLUDE_IN_FRAMEWORK_HEADER = YES;
				CLANG_WARN_RANGE_LOOP_ANALYSIS = YES;
				CLANG_WARN_STRICT_PROTOTYPES = YES;
				CLANG_WARN_SUSPICIOUS_MOVE = YES;
				CLANG_WARN_UNGUARDED_AVAILABILITY = YES_AGGRESSIVE;
				CLANG_WARN_UNREACHABLE_CODE = YES;
				CLANG_WARN__DUPLICATE_METHOD_MATCH = YES;
				COPY_PHASE_STRIP = NO;
				DEBUG_INFORMATION_FORMAT = dwarf;
				ENABLE_STRICT_OBJC_MSGSEND = YES;
				ENABLE_TESTABILITY = YES;
				GCC_C_LANGUAGE_STANDARD = gnu11;
				GCC_DYNAMIC_NO_PIC = NO;
				GCC_NO_COMMON_BLOCKS = YES;
				GCC_OPTIMIZATION_LEVEL = 0;
				GCC_PREPROCESSOR_DEFINITIONS = (
					"DEBUG=1",
					"$(inherited)",
				);
				GCC_WARN_64_TO_32_BIT_CONVERSION = YES;
				GCC_WARN_ABOUT_RETURN_TYPE = YES_ERROR;
				GCC_WARN_UNDECLARED_SELECTOR = YES;
				GCC_WARN_UNINITIALIZED_AUTOS = YES_AGGRESSIVE;
				GCC_WARN_UNUSED_FUNCTION = YES;
				GCC_WARN_UNUSED_VARIABLE = YES;
				IPHONEOS_DEPLOYMENT_TARGET = 15.4;
				MTL_ENABLE_DEBUG_INFO = INCLUDE_SOURCE;
				MTL_FAST_MATH = YES;
				ONLY_ACTIVE_ARCH = YES;
				SDKROOT = iphoneos;
				SWIFT_ACTIVE_COMPILATION_CONDITIONS = DEBUG;
				SWIFT_OPTIMIZATION_LEVEL = "-Onone";
			};
			name = Debug;
		};
		8608FCDE28F05AE3007FC0BA /* Release */ = {
			isa = XCBuildConfiguration;
			buildSettings = {
				ALWAYS_SEARCH_USER_PATHS = NO;
				CLANG_ANALYZER_NONNULL = YES;
				CLANG_ANALYZER_NUMBER_OBJECT_CONVERSION = YES_AGGRESSIVE;
				CLANG_CXX_LANGUAGE_STANDARD = "gnu++17";
				CLANG_ENABLE_MODULES = YES;
				CLANG_ENABLE_OBJC_ARC = YES;
				CLANG_ENABLE_OBJC_WEAK = YES;
				CLANG_WARN_BLOCK_CAPTURE_AUTORELEASING = YES;
				CLANG_WARN_BOOL_CONVERSION = YES;
				CLANG_WARN_COMMA = YES;
				CLANG_WARN_CONSTANT_CONVERSION = YES;
				CLANG_WARN_DEPRECATED_OBJC_IMPLEMENTATIONS = YES;
				CLANG_WARN_DIRECT_OBJC_ISA_USAGE = YES_ERROR;
				CLANG_WARN_DOCUMENTATION_COMMENTS = YES;
				CLANG_WARN_EMPTY_BODY = YES;
				CLANG_WARN_ENUM_CONVERSION = YES;
				CLANG_WARN_INFINITE_RECURSION = YES;
				CLANG_WARN_INT_CONVERSION = YES;
				CLANG_WARN_NON_LITERAL_NULL_CONVERSION = YES;
				CLANG_WARN_OBJC_IMPLICIT_RETAIN_SELF = YES;
				CLANG_WARN_OBJC_LITERAL_CONVERSION = YES;
				CLANG_WARN_OBJC_ROOT_CLASS = YES_ERROR;
				CLANG_WARN_QUOTED_INCLUDE_IN_FRAMEWORK_HEADER = YES;
				CLANG_WARN_RANGE_LOOP_ANALYSIS = YES;
				CLANG_WARN_STRICT_PROTOTYPES = YES;
				CLANG_WARN_SUSPICIOUS_MOVE = YES;
				CLANG_WARN_UNGUARDED_AVAILABILITY = YES_AGGRESSIVE;
				CLANG_WARN_UNREACHABLE_CODE = YES;
				CLANG_WARN__DUPLICATE_METHOD_MATCH = YES;
				COPY_PHASE_STRIP = NO;
				DEBUG_INFORMATION_FORMAT = "dwarf-with-dsym";
				ENABLE_NS_ASSERTIONS = NO;
				ENABLE_STRICT_OBJC_MSGSEND = YES;
				GCC_C_LANGUAGE_STANDARD = gnu11;
				GCC_NO_COMMON_BLOCKS = YES;
				GCC_WARN_64_TO_32_BIT_CONVERSION = YES;
				GCC_WARN_ABOUT_RETURN_TYPE = YES_ERROR;
				GCC_WARN_UNDECLARED_SELECTOR = YES;
				GCC_WARN_UNINITIALIZED_AUTOS = YES_AGGRESSIVE;
				GCC_WARN_UNUSED_FUNCTION = YES;
				GCC_WARN_UNUSED_VARIABLE = YES;
				IPHONEOS_DEPLOYMENT_TARGET = 15.4;
				MTL_ENABLE_DEBUG_INFO = NO;
				MTL_FAST_MATH = YES;
				SDKROOT = iphoneos;
				SWIFT_COMPILATION_MODE = wholemodule;
				SWIFT_OPTIMIZATION_LEVEL = "-O";
				VALIDATE_PRODUCT = YES;
			};
			name = Release;
		};
		8608FCE028F05AE3007FC0BA /* Debug */ = {
			isa = XCBuildConfiguration;
			buildSettings = {
				ASSETCATALOG_COMPILER_APPICON_NAME = AppIcon;
				ASSETCATALOG_COMPILER_GLOBAL_ACCENT_COLOR_NAME = AccentColor;
				CODE_SIGN_STYLE = Automatic;
				CURRENT_PROJECT_VERSION = 1;
				DEVELOPMENT_ASSET_PATHS = "\"WhyNot/Preview Content\"";
				DEVELOPMENT_TEAM = 7XM8M8X33C;
				ENABLE_PREVIEWS = YES;
				GENERATE_INFOPLIST_FILE = YES;
				INFOPLIST_FILE = WhyNot/Info.plist;
				INFOPLIST_KEY_LSApplicationCategoryType = "";
				INFOPLIST_KEY_UIApplicationSceneManifest_Generation = YES;
				INFOPLIST_KEY_UIApplicationSupportsIndirectInputEvents = YES;
				INFOPLIST_KEY_UILaunchScreen_Generation = YES;
				INFOPLIST_KEY_UISupportedInterfaceOrientations_iPad = "UIInterfaceOrientationPortrait UIInterfaceOrientationPortraitUpsideDown UIInterfaceOrientationLandscapeLeft UIInterfaceOrientationLandscapeRight";
				INFOPLIST_KEY_UISupportedInterfaceOrientations_iPhone = "UIInterfaceOrientationPortrait UIInterfaceOrientationLandscapeLeft UIInterfaceOrientationLandscapeRight";
				LD_RUNPATH_SEARCH_PATHS = (
					"$(inherited)",
					"@executable_path/Frameworks",
				);
				MARKETING_VERSION = 1.0;
				PRODUCT_BUNDLE_IDENTIFIER = WhyNot.com.WhyNotFer;
				PRODUCT_NAME = "$(TARGET_NAME)";
				SWIFT_EMIT_LOC_STRINGS = YES;
				SWIFT_VERSION = 5.0;
				TARGETED_DEVICE_FAMILY = "1,2";
			};
			name = Debug;
		};
		8608FCE128F05AE3007FC0BA /* Release */ = {
			isa = XCBuildConfiguration;
			buildSettings = {
				ASSETCATALOG_COMPILER_APPICON_NAME = AppIcon;
				ASSETCATALOG_COMPILER_GLOBAL_ACCENT_COLOR_NAME = AccentColor;
				CODE_SIGN_STYLE = Automatic;
				CURRENT_PROJECT_VERSION = 1;
				DEVELOPMENT_ASSET_PATHS = "\"WhyNot/Preview Content\"";
				DEVELOPMENT_TEAM = 7XM8M8X33C;
				ENABLE_PREVIEWS = YES;
				GENERATE_INFOPLIST_FILE = YES;
				INFOPLIST_FILE = WhyNot/Info.plist;
				INFOPLIST_KEY_LSApplicationCategoryType = "";
				INFOPLIST_KEY_UIApplicationSceneManifest_Generation = YES;
				INFOPLIST_KEY_UIApplicationSupportsIndirectInputEvents = YES;
				INFOPLIST_KEY_UILaunchScreen_Generation = YES;
				INFOPLIST_KEY_UISupportedInterfaceOrientations_iPad = "UIInterfaceOrientationPortrait UIInterfaceOrientationPortraitUpsideDown UIInterfaceOrientationLandscapeLeft UIInterfaceOrientationLandscapeRight";
				INFOPLIST_KEY_UISupportedInterfaceOrientations_iPhone = "UIInterfaceOrientationPortrait UIInterfaceOrientationLandscapeLeft UIInterfaceOrientationLandscapeRight";
				LD_RUNPATH_SEARCH_PATHS = (
					"$(inherited)",
					"@executable_path/Frameworks",
				);
				MARKETING_VERSION = 1.0;
				PRODUCT_BUNDLE_IDENTIFIER = WhyNot.com.WhyNotFer;
				PRODUCT_NAME = "$(TARGET_NAME)";
				SWIFT_EMIT_LOC_STRINGS = YES;
				SWIFT_VERSION = 5.0;
				TARGETED_DEVICE_FAMILY = "1,2";
			};
			name = Release;
		};
		D64727D02913E922007B13ED /* Debug */ = {
			isa = XCBuildConfiguration;
			buildSettings = {
				BUNDLE_LOADER = "$(TEST_HOST)";
				CLANG_CXX_LANGUAGE_STANDARD = "gnu++20";
				CODE_SIGN_STYLE = Automatic;
				CURRENT_PROJECT_VERSION = 1;
				DEVELOPMENT_TEAM = D7KS69836R;
				GENERATE_INFOPLIST_FILE = YES;
				IPHONEOS_DEPLOYMENT_TARGET = 16.0;
				MARKETING_VERSION = 1.0;
				PRODUCT_BUNDLE_IDENTIFIER = br.com.academy.WhyNotUnitTests;
				PRODUCT_NAME = "$(TARGET_NAME)";
				SWIFT_EMIT_LOC_STRINGS = NO;
				SWIFT_VERSION = 5.0;
				TARGETED_DEVICE_FAMILY = "1,2";
				TEST_HOST = "$(BUILT_PRODUCTS_DIR)/WhyNot.app/$(BUNDLE_EXECUTABLE_FOLDER_PATH)/WhyNot";
			};
			name = Debug;
		};
		D64727D12913E922007B13ED /* Release */ = {
			isa = XCBuildConfiguration;
			buildSettings = {
				BUNDLE_LOADER = "$(TEST_HOST)";
				CLANG_CXX_LANGUAGE_STANDARD = "gnu++20";
				CODE_SIGN_STYLE = Automatic;
				CURRENT_PROJECT_VERSION = 1;
				DEVELOPMENT_TEAM = D7KS69836R;
				GENERATE_INFOPLIST_FILE = YES;
				IPHONEOS_DEPLOYMENT_TARGET = 16.0;
				MARKETING_VERSION = 1.0;
				PRODUCT_BUNDLE_IDENTIFIER = br.com.academy.WhyNotUnitTests;
				PRODUCT_NAME = "$(TARGET_NAME)";
				SWIFT_EMIT_LOC_STRINGS = NO;
				SWIFT_VERSION = 5.0;
				TARGETED_DEVICE_FAMILY = "1,2";
				TEST_HOST = "$(BUILT_PRODUCTS_DIR)/WhyNot.app/$(BUNDLE_EXECUTABLE_FOLDER_PATH)/WhyNot";
			};
			name = Release;
		};
		D64727E02913E93C007B13ED /* Debug */ = {
			isa = XCBuildConfiguration;
			buildSettings = {
				CLANG_CXX_LANGUAGE_STANDARD = "gnu++20";
				CODE_SIGN_STYLE = Automatic;
				CURRENT_PROJECT_VERSION = 1;
				DEVELOPMENT_TEAM = D7KS69836R;
				GENERATE_INFOPLIST_FILE = YES;
				IPHONEOS_DEPLOYMENT_TARGET = 16.0;
				MARKETING_VERSION = 1.0;
				PRODUCT_BUNDLE_IDENTIFIER = br.com.academy.WhyNotUserInterfaceTests;
				PRODUCT_NAME = "$(TARGET_NAME)";
				SWIFT_EMIT_LOC_STRINGS = NO;
				SWIFT_VERSION = 5.0;
				TARGETED_DEVICE_FAMILY = "1,2";
				TEST_TARGET_NAME = WhyNot;
			};
			name = Debug;
		};
		D64727E12913E93C007B13ED /* Release */ = {
			isa = XCBuildConfiguration;
			buildSettings = {
				CLANG_CXX_LANGUAGE_STANDARD = "gnu++20";
				CODE_SIGN_STYLE = Automatic;
				CURRENT_PROJECT_VERSION = 1;
				DEVELOPMENT_TEAM = D7KS69836R;
				GENERATE_INFOPLIST_FILE = YES;
				IPHONEOS_DEPLOYMENT_TARGET = 16.0;
				MARKETING_VERSION = 1.0;
				PRODUCT_BUNDLE_IDENTIFIER = br.com.academy.WhyNotUserInterfaceTests;
				PRODUCT_NAME = "$(TARGET_NAME)";
				SWIFT_EMIT_LOC_STRINGS = NO;
				SWIFT_VERSION = 5.0;
				TARGETED_DEVICE_FAMILY = "1,2";
				TEST_TARGET_NAME = WhyNot;
			};
			name = Release;
		};
/* End XCBuildConfiguration section */

/* Begin XCConfigurationList section */
		8608FCCC28F05AE1007FC0BA /* Build configuration list for PBXProject "WhyNot" */ = {
			isa = XCConfigurationList;
			buildConfigurations = (
				8608FCDD28F05AE3007FC0BA /* Debug */,
				8608FCDE28F05AE3007FC0BA /* Release */,
			);
			defaultConfigurationIsVisible = 0;
			defaultConfigurationName = Release;
		};
		8608FCDF28F05AE3007FC0BA /* Build configuration list for PBXNativeTarget "WhyNot" */ = {
			isa = XCConfigurationList;
			buildConfigurations = (
				8608FCE028F05AE3007FC0BA /* Debug */,
				8608FCE128F05AE3007FC0BA /* Release */,
			);
			defaultConfigurationIsVisible = 0;
			defaultConfigurationName = Release;
		};
		D64727D22913E922007B13ED /* Build configuration list for PBXNativeTarget "WhyNotUnitTests" */ = {
			isa = XCConfigurationList;
			buildConfigurations = (
				D64727D02913E922007B13ED /* Debug */,
				D64727D12913E922007B13ED /* Release */,
			);
			defaultConfigurationIsVisible = 0;
			defaultConfigurationName = Release;
		};
		D64727DF2913E93C007B13ED /* Build configuration list for PBXNativeTarget "WhyNotUserInterfaceTests" */ = {
			isa = XCConfigurationList;
			buildConfigurations = (
				D64727E02913E93C007B13ED /* Debug */,
				D64727E12913E93C007B13ED /* Release */,
			);
			defaultConfigurationIsVisible = 0;
			defaultConfigurationName = Release;
		};
/* End XCConfigurationList section */

/* Begin XCRemoteSwiftPackageReference section */
		8608FCE428F05C96007FC0BA /* XCRemoteSwiftPackageReference "firebase-ios-sdk" */ = {
			isa = XCRemoteSwiftPackageReference;
			repositoryURL = "https://github.com/firebase/firebase-ios-sdk.git";
			requirement = {
				kind = upToNextMajorVersion;
				minimumVersion = 9.0.0;
			};
		};
		86DFFE4C28F44CD30075153A /* XCRemoteSwiftPackageReference "firebase-ios-sdk" */ = {
			isa = XCRemoteSwiftPackageReference;
			repositoryURL = "https://github.com/firebase/firebase-ios-sdk.git";
			requirement = {
				kind = upToNextMajorVersion;
				minimumVersion = 9.0.0;
			};
		};
/* End XCRemoteSwiftPackageReference section */

/* Begin XCSwiftPackageProductDependency section */
		8608FCE528F05C96007FC0BA /* FirebaseFirestore */ = {
			isa = XCSwiftPackageProductDependency;
			package = 8608FCE428F05C96007FC0BA /* XCRemoteSwiftPackageReference "firebase-ios-sdk" */;
			productName = FirebaseFirestore;
		};
		8608FCE728F05C96007FC0BA /* FirebaseStorage */ = {
			isa = XCSwiftPackageProductDependency;
			package = 8608FCE428F05C96007FC0BA /* XCRemoteSwiftPackageReference "firebase-ios-sdk" */;
			productName = FirebaseStorage;
		};
		86DFFE4D28F44CD30075153A /* FirebaseDatabase */ = {
			isa = XCSwiftPackageProductDependency;
			package = 8608FCE428F05C96007FC0BA /* XCRemoteSwiftPackageReference "firebase-ios-sdk" */;
			productName = FirebaseDatabase;
		};
		86DFFE4F28F44CD30075153A /* FirebaseDatabaseSwift */ = {
			isa = XCSwiftPackageProductDependency;
			package = 8608FCE428F05C96007FC0BA /* XCRemoteSwiftPackageReference "firebase-ios-sdk" */;
			productName = FirebaseDatabaseSwift;
		};
		86DFFE5128F44CD30075153A /* FirebaseFirestore */ = {
			isa = XCSwiftPackageProductDependency;
			package = 8608FCE428F05C96007FC0BA /* XCRemoteSwiftPackageReference "firebase-ios-sdk" */;
			productName = FirebaseFirestore;
		};
		86DFFE5328F44CD30075153A /* FirebaseFirestoreCombine-Community */ = {
			isa = XCSwiftPackageProductDependency;
			package = 8608FCE428F05C96007FC0BA /* XCRemoteSwiftPackageReference "firebase-ios-sdk" */;
			productName = "FirebaseFirestoreCombine-Community";
		};
		86DFFE5528F44CD30075153A /* FirebaseFirestoreSwift */ = {
			isa = XCSwiftPackageProductDependency;
			package = 8608FCE428F05C96007FC0BA /* XCRemoteSwiftPackageReference "firebase-ios-sdk" */;
			productName = FirebaseFirestoreSwift;
		};
		86DFFE5728F44CD30075153A /* FirebaseInstallations */ = {
			isa = XCSwiftPackageProductDependency;
			package = 8608FCE428F05C96007FC0BA /* XCRemoteSwiftPackageReference "firebase-ios-sdk" */;
			productName = FirebaseInstallations;
		};
		86DFFE5928F44CD30075153A /* FirebaseRemoteConfig */ = {
			isa = XCSwiftPackageProductDependency;
			package = 8608FCE428F05C96007FC0BA /* XCRemoteSwiftPackageReference "firebase-ios-sdk" */;
			productName = FirebaseRemoteConfig;
		};
		86DFFE5B28F44CD30075153A /* FirebaseRemoteConfigSwift */ = {
			isa = XCSwiftPackageProductDependency;
			package = 8608FCE428F05C96007FC0BA /* XCRemoteSwiftPackageReference "firebase-ios-sdk" */;
			productName = FirebaseRemoteConfigSwift;
		};
		86DFFE5D28F44CD30075153A /* FirebaseStorage */ = {
			isa = XCSwiftPackageProductDependency;
			package = 8608FCE428F05C96007FC0BA /* XCRemoteSwiftPackageReference "firebase-ios-sdk" */;
			productName = FirebaseStorage;
		};
		86DFFE5F28F44CD30075153A /* FirebaseStorageCombine-Community */ = {
			isa = XCSwiftPackageProductDependency;
			package = 8608FCE428F05C96007FC0BA /* XCRemoteSwiftPackageReference "firebase-ios-sdk" */;
			productName = "FirebaseStorageCombine-Community";
		};
/* End XCSwiftPackageProductDependency section */
	};
	rootObject = 8608FCC928F05AE1007FC0BA /* Project object */;
}
